
Microsoft Visual Studio Solution File, Format Version 12.00
# Visual Studio Version 17
VisualStudioVersion = 17.7.34202.233
MinimumVisualStudioVersion = 10.0.40219.1
Project("{FAE04EC0-301F-11D3-BF4B-00C04F79EFBC}") = "First", "First\First.csproj", "{78A2EFF0-032C-46D3-9333-D3BB29AEA458}"
EndProject
Global
	GlobalSection(SolutionConfigurationPlatforms) = preSolution
		Debug|Any CPU = Debug|Any CPU
		Release|Any CPU = Release|Any CPU
	EndGlobalSection
	GlobalSection(ProjectConfigurationPlatforms) = postSolution
		{78A2EFF0-032C-46D3-9333-D3BB29AEA458}.Debug|Any CPU.ActiveCfg = Debug|Any CPU
		{78A2EFF0-032C-46D3-9333-D3BB29AEA458}.Debug|Any CPU.Build.0 = Debug|Any CPU
		{78A2EFF0-032C-46D3-9333-D3BB29AEA458}.Release|Any CPU.ActiveCfg = Release|Any CPU
		{78A2EFF0-032C-46D3-9333-D3BB29AEA458}.Release|Any CPU.Build.0 = Release|Any CPU
	EndGlobalSection
	GlobalSection(SolutionProperties) = preSolution
		HideSolutionNode = FALSE
	EndGlobalSection
	GlobalSection(ExtensibilityGlobals) = postSolution
		SolutionGuid = {2FC691E5-F104-4EDB-8461-1ECBDF2FED13}
	EndGlobalSection
EndGlobal
